github.com/bxcodec/faker/v3 v3.1.0 h1:VCCPusvvk1My6RjWFnqVbh6EdHDqjWmrHJCHduUksV0=
github.com/bxcodec/faker/v3 v3.1.0/go.mod h1:gF31YgnMSMKgkvl+fyEo1xuSMbEuieyqfeslGYFjneM=
github.com/ibmdb/go_ibm_db v0.0.0-20190510111359-65246ebaf88e h1:Ckk/4ew2wwpi6MYWaT5Es+QP6UZOSWcp3TY6zYqpVAA=
github.com/ibmdb/go_ibm_db v0.0.0-20190510111359-65246ebaf88e/go.mod h1:nl5aUh1IzBVExcqYXaZLApaq8RUvTEph3VP49UTmEvg=
